
Microsoft Visual Studio Solution File, Format Version 12.00
# Visual Studio Version 17
VisualStudioVersion = 17.13.36105.23 d17.13
MinimumVisualStudioVersion = 10.0.40219.1
Project("{FAE04EC0-301F-11D3-BF4B-00C04F79EFBC}") = "IDF_OOP", "IDF_OOP.csproj", "{A157AEFC-7497-426C-82E5-DFD255F75441}"
EndProject
Global
	GlobalSection(SolutionConfigurationPlatforms) = preSolution
		Debug|Any CPU = Debug|Any CPU
		Release|Any CPU = Release|Any CPU
	EndGlobalSection
	GlobalSection(ProjectConfigurationPlatforms) = postSolution
		{A157AEFC-7497-426C-82E5-DFD255F75441}.Debug|Any CPU.ActiveCfg = Debug|Any CPU
		{A157AEFC-7497-426C-82E5-DFD255F75441}.Debug|Any CPU.Build.0 = Debug|Any CPU
		{A157AEFC-7497-426C-82E5-DFD255F75441}.Release|Any CPU.ActiveCfg = Release|Any CPU
		{A157AEFC-7497-426C-82E5-DFD255F75441}.Release|Any CPU.Build.0 = Release|Any CPU
	EndGlobalSection
	GlobalSection(SolutionProperties) = preSolution
		HideSolutionNode = FALSE
	EndGlobalSection
	GlobalSection(ExtensibilityGlobals) = postSolution
		SolutionGuid = {887A433D-DE2F-4AA0-B221-F4D27AEEFB18}
	EndGlobalSection
EndGlobal
